// !$*UTF8*$!
{
	archiveVersion = 1;
	classes = {
	};
	objectVersion = 46;
	objects = {

/* Begin PBXBuildFile section */
		09A742AD1B5957460094ADAC /* main.m in Sources */ = {isa = PBXBuildFile; fileRef = 09A742AC1B5957460094ADAC /* main.m */; };
		09A742B01B5957460094ADAC /* AppDelegate.m in Sources */ = {isa = PBXBuildFile; fileRef = 09A742AF1B5957460094ADAC /* AppDelegate.m */; };
		09A742B31B5957460094ADAC /* ViewController.m in Sources */ = {isa = PBXBuildFile; fileRef = 09A742B21B5957460094ADAC /* ViewController.m */; };
		09A742B61B5957460094ADAC /* Main.storyboard in Resources */ = {isa = PBXBuildFile; fileRef = 09A742B41B5957460094ADAC /* Main.storyboard */; };
		09A742B81B5957460094ADAC /* Images.xcassets in Resources */ = {isa = PBXBuildFile; fileRef = 09A742B71B5957460094ADAC /* Images.xcassets */; };
		09A742BB1B5957460094ADAC /* LaunchScreen.xib in Resources */ = {isa = PBXBuildFile; fileRef = 09A742B91B5957460094ADAC /* LaunchScreen.xib */; };
		09A742C71B5957460094ADAC /* TOOSTYTESTTests.m in Sources */ = {isa = PBXBuildFile; fileRef = 09A742C61B5957460094ADAC /* TOOSTYTESTTests.m */; };
/* End PBXBuildFile section */

/* Begin PBXContainerItemProxy section */
		09A742C11B5957460094ADAC /* PBXContainerItemProxy */ = {
			isa = PBXContainerItemProxy;
			containerPortal = 09A7429F1B5957460094ADAC /* Project object */;
			proxyType = 1;
			remoteGlobalIDString = 09A742A61B5957460094ADAC;
			remoteInfo = TOOSTYTEST;
		};
/* End PBXContainerItemProxy section */

/* Begin PBXFileReference section */
		09A742A71B5957460094ADAC /* TOOSTYTEST.app */ = {isa = PBXFileReference; explicitFileType = wrapper.application; includeInIndex = 0; path = TOOSTYTEST.app; sourceTree = BUILT_PRODUCTS_DIR; };
		09A742AB1B5957460094ADAC /* Info.plist */ = {isa = PBXFileReference; lastKnownFileType = text.plist.xml; path = Info.plist; sourceTree = "<group>"; };
		09A742AC1B5957460094ADAC /* main.m */ = {isa = PBXFileReference; lastKnownFileType = sourcecode.c.objc; path = main.m; sourceTree = "<group>"; };
		09A742AE1B5957460094ADAC /* AppDelegate.h */ = {isa = PBXFileReference; lastKnownFileType = sourcecode.c.h; path = AppDelegate.h; sourceTree = "<group>"; };
		09A742AF1B5957460094ADAC /* AppDelegate.m */ = {isa = PBXFileReference; lastKnownFileType = sourcecode.c.objc; path = AppDelegate.m; sourceTree = "<group>"; };
		09A742B11B5957460094ADAC /* ViewController.h */ = {isa = PBXFileReference; lastKnownFileType = sourcecode.c.h; path = ViewController.h; sourceTree = "<group>"; };
		09A742B21B5957460094ADAC /* ViewController.m */ = {isa = PBXFileReference; lastKnownFileType = sourcecode.c.objc; path = ViewController.m; sourceTree = "<group>"; };
		09A742B51B5957460094ADAC /* Base */ = {isa = PBXFileReference; lastKnownFileType = file.storyboard; name = Base; path = Base.lproj/Main.storyboard; sourceTree = "<group>"; };
		09A742B71B5957460094ADAC /* Images.xcassets */ = {isa = PBXFileReference; lastKnownFileType = folder.assetcatalog; path = Images.xcassets; sourceTree = "<group>"; };
		09A742BA1B5957460094ADAC /* Base */ = {isa = PBXFileReference; lastKnownFileType = file.xib; name = Base; path = Base.lproj/LaunchScreen.xib; sourceTree = "<group>"; };
		09A742C01B5957460094ADAC /* TOOSTYTESTTests.xctest */ = {isa = PBXFileReference; explicitFileType = wrapper.cfbundle; includeInIndex = 0; path = TOOSTYTESTTests.xctest; sourceTree = BUILT_PRODUCTS_DIR; };
		09A742C51B5957460094ADAC /* Info.plist */ = {isa = PBXFileReference; lastKnownFileType = text.plist.xml; path = Info.plist; sourceTree = "<group>"; };
		09A742C61B5957460094ADAC /* TOOSTYTESTTests.m */ = {isa = PBXFileReference; lastKnownFileType = sourcecode.c.objc; path = TOOSTYTESTTests.m; sourceTree = "<group>"; };
/* End PBXFileReference section */

/* Begin PBXFrameworksBuildPhase section */
		09A742A41B5957460094ADAC /* Frameworks */ = {
			isa = PBXFrameworksBuildPhase;
			buildActionMask = 2147483647;
			files = (
			);
			runOnlyForDeploymentPostprocessing = 0;
		};
		09A742BD1B5957460094ADAC /* Frameworks */ = {
			isa = PBXFrameworksBuildPhase;
			buildActionMask = 2147483647;
			files = (
			);
			runOnlyForDeploymentPostprocessing = 0;
		};
/* End PBXFrameworksBuildPhase section */

/* Begin PBXGroup section */
		09A7429E1B5957460094ADAC = {
			isa = PBXGroup;
			children = (
				09A742A91B5957460094ADAC /* TOOSTYTEST */,
				09A742C31B5957460094ADAC /* TOOSTYTESTTests */,
				09A742A81B5957460094ADAC /* Products */,
			);
			sourceTree = "<group>";
		};
		09A742A81B5957460094ADAC /* Products */ = {
			isa = PBXGroup;
			children = (
				09A742A71B5957460094ADAC /* TOOSTYTEST.app */,
				09A742C01B5957460094ADAC /* TOOSTYTESTTests.xctest */,
			);
			name = Products;
			sourceTree = "<group>";
		};
		09A742A91B5957460094ADAC /* TOOSTYTEST */ = {
			isa = PBXGroup;
			children = (
				09A742AE1B5957460094ADAC /* AppDelegate.h */,
				09A742AF1B5957460094ADAC /* AppDelegate.m */,
				09A742B11B5957460094ADAC /* ViewController.h */,
				09A742B21B5957460094ADAC /* ViewController.m */,
				09A742B41B5957460094ADAC /* Main.storyboard */,
				09A742B71B5957460094ADAC /* Images.xcassets */,
				09A742B91B5957460094ADAC /* LaunchScreen.xib */,
				09A742AA1B5957460094ADAC /* Supporting Files */,
			);
			path = TOOSTYTEST;
			sourceTree = "<group>";
		};
		09A742AA1B5957460094ADAC /* Supporting Files */ = {
			isa = PBXGroup;
			children = (
				09A742AB1B5957460094ADAC /* Info.plist */,
				09A742AC1B5957460094ADAC /* main.m */,
			);
			name = "Supporting Files";
			sourceTree = "<group>";
		};
		09A742C31B5957460094ADAC /* TOOSTYTESTTests */ = {
			isa = PBXGroup;
			children = (
				09A742C61B5957460094ADAC /* TOOSTYTESTTests.m */,
				09A742C41B5957460094ADAC /* Supporting Files */,
			);
			path = TOOSTYTESTTests;
			sourceTree = "<group>";
		};
		09A742C41B5957460094ADAC /* Supporting Files */ = {
			isa = PBXGroup;
			children = (
				09A742C51B5957460094ADAC /* Info.plist */,
			);
			name = "Supporting Files";
			sourceTree = "<group>";
		};
/* End PBXGroup section */

/* Begin PBXNativeTarget section */
		09A742A61B5957460094ADAC /* TOOSTYTEST */ = {
			isa = PBXNativeTarget;
			buildConfigurationList = 09A742CA1B5957460094ADAC /* Build configuration list for PBXNativeTarget "TOOSTYTEST" */;
			buildPhases = (
				09A742A31B5957460094ADAC /* Sources */,
				09A742A41B5957460094ADAC /* Frameworks */,
				09A742A51B5957460094ADAC /* Resources */,
			);
			buildRules = (
			);
			dependencies = (
			);
			name = TOOSTYTEST;
			productName = TOOSTYTEST;
			productReference = 09A742A71B5957460094ADAC /* TOOSTYTEST.app */;
			productType = "com.apple.product-type.application";
		};
		09A742BF1B5957460094ADAC /* TOOSTYTESTTests */ = {
			isa = PBXNativeTarget;
			buildConfigurationList = 09A742CD1B5957460094ADAC /* Build configuration list for PBXNativeTarget "TOOSTYTESTTests" */;
			buildPhases = (
				09A742BC1B5957460094ADAC /* Sources */,
				09A742BD1B5957460094ADAC /* Frameworks */,
				09A742BE1B5957460094ADAC /* Resources */,
			);
			buildRules = (
			);
			dependencies = (
				09A742C21B5957460094ADAC /* PBXTargetDependency */,
			);
			name = TOOSTYTESTTests;
			productName = TOOSTYTESTTests;
			productReference = 09A742C01B5957460094ADAC /* TOOSTYTESTTests.xctest */;
			productType = "com.apple.product-type.bundle.unit-test";
		};
/* End PBXNativeTarget section */

/* Begin PBXProject section */
		09A7429F1B5957460094ADAC /* Project object */ = {
			isa = PBXProject;
			attributes = {
				LastUpgradeCheck = 0610;
				ORGANIZATIONNAME = "Bump Boys!, Inc.";
				TargetAttributes = {
					09A742A61B5957460094ADAC = {
						CreatedOnToolsVersion = 6.1;
					};
					09A742BF1B5957460094ADAC = {
						CreatedOnToolsVersion = 6.1;
						TestTargetID = 09A742A61B5957460094ADAC;
					};
				};
			};
			buildConfigurationList = 09A742A21B5957460094ADAC /* Build configuration list for PBXProject "TOOSTYTEST" */;
			compatibilityVersion = "Xcode 3.2";
			developmentRegion = English;
			hasScannedForEncodings = 0;
			knownRegions = (
				en,
				Base,
			);
			mainGroup = 09A7429E1B5957460094ADAC;
			productRefGroup = 09A742A81B5957460094ADAC /* Products */;
			projectDirPath = "";
			projectRoot = "";
			targets = (
				09A742A61B5957460094ADAC /* TOOSTYTEST */,
				09A742BF1B5957460094ADAC /* TOOSTYTESTTests */,
			);
		};
/* End PBXProject section */

/* Begin PBXResourcesBuildPhase section */
		09A742A51B5957460094ADAC /* Resources */ = {
			isa = PBXResourcesBuildPhase;
			buildActionMask = 2147483647;
			files = (
				09A742B61B5957460094ADAC /* Main.storyboard in Resources */,
				09A742BB1B5957460094ADAC /* LaunchScreen.xib in Resources */,
				09A742B81B5957460094ADAC /* Images.xcassets in Resources */,
			);
			runOnlyForDeploymentPostprocessing = 0;
		};
		09A742BE1B5957460094ADAC /* Resources */ = {
			isa = PBXResourcesBuildPhase;
			buildActionMask = 2147483647;
			files = (
			);
			runOnlyForDeploymentPostprocessing = 0;
		};
/* End PBXResourcesBuildPhase section */

/* Begin PBXSourcesBuildPhase section */
		09A742A31B5957460094ADAC /* Sources */ = {
			isa = PBXSourcesBuildPhase;
			buildActionMask = 2147483647;
			files = (
				09A742B31B5957460094ADAC /* ViewController.m in Sources */,
				09A742B01B5957460094ADAC /* AppDelegate.m in Sources */,
				09A742AD1B5957460094ADAC /* main.m in Sources */,
			);
			runOnlyForDeploymentPostprocessing = 0;
		};
		09A742BC1B5957460094ADAC /* Sources */ = {
			isa = PBXSourcesBuildPhase;
			buildActionMask = 2147483647;
			files = (
				09A742C71B5957460094ADAC /* TOOSTYTESTTests.m in Sources */,
			);
			runOnlyForDeploymentPostprocessing = 0;
		};
/* End PBXSourcesBuildPhase section */

/* Begin PBXTargetDependency section */
		09A742C21B5957460094ADAC /* PBXTargetDependency */ = {
			isa = PBXTargetDependency;
			target = 09A742A61B5957460094ADAC /* TOOSTYTEST */;
			targetProxy = 09A742C11B5957460094ADAC /* PBXContainerItemProxy */;
		};
/* End PBXTargetDependency section */

/* Begin PBXVariantGroup section */
		09A742B41B5957460094ADAC /* Main.storyboard */ = {
			isa = PBXVariantGroup;
			children = (
				09A742B51B5957460094ADAC /* Base */,
			);
			name = Main.storyboard;
			sourceTree = "<group>";
		};
		09A742B91B5957460094ADAC /* LaunchScreen.xib */ = {
			isa = PBXVariantGroup;
			children = (
				09A742BA1B5957460094ADAC /* Base */,
			);
			name = LaunchScreen.xib;
			sourceTree = "<group>";
		};
/* End PBXVariantGroup section */

/* Begin XCBuildConfiguration section */
		09A742C81B5957460094ADAC /* Debug */ = {
			isa = XCBuildConfiguration;
			buildSettings = {
				ALWAYS_SEARCH_USER_PATHS = NO;
				CLANG_CXX_LANGUAGE_STANDARD = "gnu++0x";
				CLANG_CXX_LIBRARY = "libc++";
				CLANG_ENABLE_MODULES = YES;
				CLANG_ENABLE_OBJC_ARC = YES;
				CLANG_WARN_BOOL_CONVERSION = YES;
				CLANG_WARN_CONSTANT_CONVERSION = YES;
				CLANG_WARN_DIRECT_OBJC_ISA_USAGE = YES_ERROR;
				CLANG_WARN_EMPTY_BODY = YES;
				CLANG_WARN_ENUM_CONVERSION = YES;
				CLANG_WARN_INT_CONVERSION = YES;
				CLANG_WARN_OBJC_ROOT_CLASS = YES_ERROR;
				CLANG_WARN_UNREACHABLE_CODE = YES;
				CLANG_WARN__DUPLICATE_METHOD_MATCH = YES;
				"CODE_SIGN_IDENTITY[sdk=iphoneos*]" = "iPhone Developer";
				COPY_PHASE_STRIP = NO;
				ENABLE_STRICT_OBJC_MSGSEND = YES;
				GCC_C_LANGUAGE_STANDARD = gnu99;
				GCC_DYNAMIC_NO_PIC = NO;
				GCC_OPTIMIZATION_LEVEL = 0;
				GCC_PREPROCESSOR_DEFINITIONS = (
					"DEBUG=1",
					"$(inherited)",
				);
				GCC_SYMBOLS_PRIVATE_EXTERN = NO;
				GCC_WARN_64_TO_32_BIT_CONVERSION = YES;
				GCC_WARN_ABOUT_RETURN_TYPE = YES_ERROR;
				GCC_WARN_UNDECLARED_SELECTOR = YES;
				GCC_WARN_UNINITIALIZED_AUTOS = YES_AGGRESSIVE;
				GCC_WARN_UNUSED_FUNCTION = YES;
				GCC_WARN_UNUSED_VARIABLE = YES;
				IPHONEOS_DEPLOYMENT_TARGET = 8.1;
				MTL_ENABLE_DEBUG_INFO = YES;
				ONLY_ACTIVE_ARCH = YES;
				SDKROOT = iphoneos;
			};
			name = Debug;
		};
		09A742C91B5957460094ADAC /* Release */ = {
			isa = XCBuildConfiguration;
			buildSettings = {
				ALWAYS_SEARCH_USER_PATHS = NO;
				CLANG_CXX_LANGUAGE_STANDARD = "gnu++0x";
				CLANG_CXX_LIBRARY = "libc++";
				CLANG_ENABLE_MODULES = YES;
				CLANG_ENABLE_OBJC_ARC = YES;
				CLANG_WARN_BOOL_CONVERSION = YES;
				CLANG_WARN_CONSTANT_CONVERSION = YES;
				CLANG_WARN_DIRECT_OBJC_ISA_USAGE = YES_ERROR;
				CLANG_WARN_EMPTY_BODY = YES;
				CLANG_WARN_ENUM_CONVERSION = YES;
				CLANG_WARN_INT_CONVERSION = YES;
				CLANG_WARN_OBJC_ROOT_CLASS = YES_ERROR;
				CLANG_WARN_UNREACHABLE_CODE = YES;
				CLANG_WARN__DUPLICATE_METHOD_MATCH = YES;
				"CODE_SIGN_IDENTITY[sdk=iphoneos*]" = "iPhone Developer";
				COPY_PHASE_STRIP = YES;
				ENABLE_NS_ASSERTIONS = NO;
				ENABLE_STRICT_OBJC_MSGSEND = YES;
				GCC_C_LANGUAGE_STANDARD = gnu99;
				GCC_WARN_64_TO_32_BIT_CONVERSION = YES;
				GCC_WARN_ABOUT_RETURN_TYPE = YES_ERROR;
				GCC_WARN_UNDECLARED_SELECTOR = YES;
				GCC_WARN_UNINITIALIZED_AUTOS = YES_AGGRESSIVE;
				GCC_WARN_UNUSED_FUNCTION = YES;
				GCC_WARN_UNUSED_VARIABLE = YES;
				IPHONEOS_DEPLOYMENT_TARGET = 8.1;
				MTL_ENABLE_DEBUG_INFO = NO;
				SDKROOT = iphoneos;
				VALIDATE_PRODUCT = YES;
			};
			name = Release;
		};
		09A742CB1B5957460094ADAC /* Debug */ = {
			isa = XCBuildConfiguration;
			buildSettings = {
				ASSETCATALOG_COMPILER_APPICON_NAME = AppIcon;
				INFOPLIST_FILE = TOOSTYTEST/Info.plist;
				LD_RUNPATH_SEARCH_PATHS = "$(inherited) @executable_path/Frameworks";
				PRODUCT_NAME = "$(TARGET_NAME)";
			};
			name = Debug;
		};
		09A742CC1B5957460094ADAC /* Release */ = {
			isa = XCBuildConfiguration;
			buildSettings = {
				ASSETCATALOG_COMPILER_APPICON_NAME = AppIcon;
				INFOPLIST_FILE = TOOSTYTEST/Info.plist;
				LD_RUNPATH_SEARCH_PATHS = "$(inherited) @executable_path/Frameworks";
				PRODUCT_NAME = "$(TARGET_NAME)";
			};
			name = Release;
		};
		09A742CE1B5957460094ADAC /* Debug */ = {
			isa = XCBuildConfiguration;
			buildSettings = {
				BUNDLE_LOADER = "$(TEST_HOST)";
				FRAMEWORK_SEARCH_PATHS = (
					"$(SDKROOT)/Developer/Library/Frameworks",
					"$(inherited)",
				);
				GCC_PREPROCESSOR_DEFINITIONS = (
					"DEBUG=1",
					"$(inherited)",
				);
				INFOPLIST_FILE = TOOSTYTESTTests/Info.plist;
				LD_RUNPATH_SEARCH_PATHS = "$(inherited) @executable_path/Frameworks @loader_path/Frameworks";
				PRODUCT_NAME = "$(TARGET_NAME)";
				TEST_HOST = "$(BUILT_PRODUCTS_DIR)/TOOSTYTEST.app/TOOSTYTEST";
			};
			name = Debug;
		};
		09A742CF1B5957460094ADAC /* Release */ = {
			isa = XCBuildConfiguration;
			buildSettings = {
				BUNDLE_LOADER = "$(TEST_HOST)";
				FRAMEWORK_SEARCH_PATHS = (
					"$(SDKROOT)/Developer/Library/Frameworks",
					"$(inherited)",
				);
				INFOPLIST_FILE = TOOSTYTESTTests/Info.plist;
				LD_RUNPATH_SEARCH_PATHS = "$(inherited) @executable_path/Frameworks @loader_path/Frameworks";
				PRODUCT_NAME = "$(TARGET_NAME)";
				TEST_HOST = "$(BUILT_PRODUCTS_DIR)/TOOSTYTEST.app/TOOSTYTEST";
			};
			name = Release;
		};
/* End XCBuildConfiguration section */

/* Begin XCConfigurationList section */
		09A742A21B5957460094ADAC /* Build configuration list for PBXProject "TOOSTYTEST" */ = {
			isa = XCConfigurationList;
			buildConfigurations = (
				09A742C81B5957460094ADAC /* Debug */,
				09A742C91B5957460094ADAC /* Release */,
			);
			defaultConfigurationIsVisible = 0;
			defaultConfigurationName = Release;
		};
		09A742CA1B5957460094ADAC /* Build configuration list for PBXNativeTarget "TOOSTYTEST" */ = {
			isa = XCConfigurationList;
			buildConfigurations = (
				09A742CB1B5957460094ADAC /* Debug */,
				09A742CC1B5957460094ADAC /* Release */,
			);
			defaultConfigurationIsVisible = 0;
		};
		09A742CD1B5957460094ADAC /* Build configuration list for PBXNativeTarget "TOOSTYTESTTests" */ = {
			isa = XCConfigurationList;
			buildConfigurations = (
				09A742CE1B5957460094ADAC /* Debug */,
				09A742CF1B5957460094ADAC /* Release */,
			);
			defaultConfigurationIsVisible = 0;
		};
/* End XCConfigurationList section */
	};
	rootObject = 09A7429F1B5957460094ADAC /* Project object */;
}
